// !$*UTF8*$!
{
	archiveVersion = 1;
	classes = {
	};
	objectVersion = 46;
	objects = {

/* Begin PBXBuildFile section */
		626521921DBCF91C00912C81 /* AppDelegate.swift in Sources */ = {isa = PBXBuildFile; fileRef = 626521911DBCF91C00912C81 /* AppDelegate.swift */; };
		626521941DBCF91C00912C81 /* ViewController.swift in Sources */ = {isa = PBXBuildFile; fileRef = 626521931DBCF91C00912C81 /* ViewController.swift */; };
		626521971DBCF91C00912C81 /* Main.storyboard in Resources */ = {isa = PBXBuildFile; fileRef = 626521951DBCF91C00912C81 /* Main.storyboard */; };
		626521991DBCF91C00912C81 /* Assets.xcassets in Resources */ = {isa = PBXBuildFile; fileRef = 626521981DBCF91C00912C81 /* Assets.xcassets */; };
		6265219C1DBCF91C00912C81 /* LaunchScreen.storyboard in Resources */ = {isa = PBXBuildFile; fileRef = 6265219A1DBCF91C00912C81 /* LaunchScreen.storyboard */; };
		626521A41DBCF94D00912C81 /* vermont.jpg in Resources */ = {isa = PBXBuildFile; fileRef = 626521A31DBCF94D00912C81 /* vermont.jpg */; };
/* End PBXBuildFile section */

/* Begin PBXFileReference section */
		6265218E1DBCF91C00912C81 /* ImageWithLabel.app */ = {isa = PBXFileReference; explicitFileType = wrapper.application; includeInIndex = 0; path = ImageWithLabel.app; sourceTree = BUILT_PRODUCTS_DIR; };
		626521911DBCF91C00912C81 /* AppDelegate.swift */ = {isa = PBXFileReference; lastKnownFileType = sourcecode.swift; path = AppDelegate.swift; sourceTree = "<group>"; };
		626521931DBCF91C00912C81 /* ViewController.swift */ = {isa = PBXFileReference; lastKnownFileType = sourcecode.swift; path = ViewController.swift; sourceTree = "<group>"; };
		626521961DBCF91C00912C81 /* Base */ = {isa = PBXFileReference; lastKnownFileType = file.storyboard; name = Base; path = Base.lproj/Main.storyboard; sourceTree = "<group>"; };
		626521981DBCF91C00912C81 /* Assets.xcassets */ = {isa = PBXFileReference; lastKnownFileType = folder.assetcatalog; path = Assets.xcassets; sourceTree = "<group>"; };
		6265219B1DBCF91C00912C81 /* Base */ = {isa = PBXFileReference; lastKnownFileType = file.storyboard; name = Base; path = Base.lproj/LaunchScreen.storyboard; sourceTree = "<group>"; };
		6265219D1DBCF91C00912C81 /* Info.plist */ = {isa = PBXFileReference; lastKnownFileType = text.plist.xml; path = Info.plist; sourceTree = "<group>"; };
		626521A31DBCF94D00912C81 /* vermont.jpg */ = {isa = PBXFileReference; lastKnownFileType = image.jpeg; path = vermont.jpg; sourceTree = "<group>"; };
/* End PBXFileReference section */

/* Begin PBXFrameworksBuildPhase section */
		6265218B1DBCF91C00912C81 /* Frameworks */ = {
			isa = PBXFrameworksBuildPhase;
			buildActionMask = 2147483647;
			files = (
			);
			runOnlyForDeploymentPostprocessing = 0;
		};
/* End PBXFrameworksBuildPhase section */

/* Begin PBXGroup section */
		626521851DBCF91C00912C81 = {
			isa = PBXGroup;
			children = (
				626521901DBCF91C00912C81 /* ImageWithLabel */,
				6265218F1DBCF91C00912C81 /* Products */,
			);
			sourceTree = "<group>";
		};
		6265218F1DBCF91C00912C81 /* Products */ = {
			isa = PBXGroup;
			children = (
				6265218E1DBCF91C00912C81 /* ImageWithLabel.app */,
			);
			name = Products;
			sourceTree = "<group>";
		};
		626521901DBCF91C00912C81 /* ImageWithLabel */ = {
			isa = PBXGroup;
			children = (
				626521911DBCF91C00912C81 /* AppDelegate.swift */,
				626521931DBCF91C00912C81 /* ViewController.swift */,
				626521951DBCF91C00912C81 /* Main.storyboard */,
				626521A31DBCF94D00912C81 /* vermont.jpg */,
				626521981DBCF91C00912C81 /* Assets.xcassets */,
				6265219A1DBCF91C00912C81 /* LaunchScreen.storyboard */,
				6265219D1DBCF91C00912C81 /* Info.plist */,
			);
			path = ImageWithLabel;
			sourceTree = "<group>";
		};
/* End PBXGroup section */

/* Begin PBXNativeTarget section */
		6265218D1DBCF91C00912C81 /* ImageWithLabel */ = {
			isa = PBXNativeTarget;
			buildConfigurationList = 626521A01DBCF91C00912C81 /* Build configuration list for PBXNativeTarget "ImageWithLabel" */;
			buildPhases = (
				6265218A1DBCF91C00912C81 /* Sources */,
				6265218B1DBCF91C00912C81 /* Frameworks */,
				6265218C1DBCF91C00912C81 /* Resources */,
			);
			buildRules = (
			);
			dependencies = (
			);
			name = ImageWithLabel;
			productName = ImageWithLabel;
			productReference = 6265218E1DBCF91C00912C81 /* ImageWithLabel.app */;
			productType = "com.apple.product-type.application";
		};
/* End PBXNativeTarget section */

/* Begin PBXProject section */
		626521861DBCF91C00912C81 /* Project object */ = {
			isa = PBXProject;
			attributes = {
				LastSwiftUpdateCheck = 0800;
				LastUpgradeCheck = 0830;
				ORGANIZATIONNAME = justDFD;
				TargetAttributes = {
					6265218D1DBCF91C00912C81 = {
						CreatedOnToolsVersion = 8.0;
						DevelopmentTeam = 55R2UA3DBL;
						ProvisioningStyle = Automatic;
					};
				};
			};
			buildConfigurationList = 626521891DBCF91C00912C81 /* Build configuration list for PBXProject "ImageWithLabel" */;
			compatibilityVersion = "Xcode 3.2";
			developmentRegion = English;
			hasScannedForEncodings = 0;
			knownRegions = (
				en,
				Base,
			);
			mainGroup = 626521851DBCF91C00912C81;
			productRefGroup = 6265218F1DBCF91C00912C81 /* Products */;
			projectDirPath = "";
			projectRoot = "";
			targets = (
				6265218D1DBCF91C00912C81 /* ImageWithLabel */,
			);
		};
/* End PBXProject section */

/* Begin PBXResourcesBuildPhase section */
		6265218C1DBCF91C00912C81 /* Resources */ = {
			isa = PBXResourcesBuildPhase;
			buildActionMask = 2147483647;
			files = (
				6265219C1DBCF91C00912C81 /* LaunchScreen.storyboard in Resources */,
				626521A41DBCF94D00912C81 /* vermont.jpg in Resources */,
				626521991DBCF91C00912C81 /* Assets.xcassets in Resources */,
				626521971DBCF91C00912C81 /* Main.storyboard in Resources */,
			);
			runOnlyForDeploymentPostprocessing = 0;
		};
/* End PBXResourcesBuildPhase section */

/* Begin PBXSourcesBuildPhase section */
		6265218A1DBCF91C00912C81 /* Sources */ = {
			isa = PBXSourcesBuildPhase;
			buildActionMask = 2147483647;
			files = (
				626521941DBCF91C00912C81 /* ViewController.swift in Sources */,
				626521921DBCF91C00912C81 /* AppDelegate.swift in Sources */,
			);
			runOnlyForDeploymentPostprocessing = 0;
		};
/* End PBXSourcesBuildPhase section */

/* Begin PBXVariantGroup section */
		626521951DBCF91C00912C81 /* Main.storyboard */ = {
			isa = PBXVariantGroup;
			children = (
				626521961DBCF91C00912C81 /* Base */,
			);
			name = Main.storyboard;
			sourceTree = "<group>";
		};
		6265219A1DBCF91C00912C81 /* LaunchScreen.storyboard */ = {
			isa = PBXVariantGroup;
			children = (
				6265219B1DBCF91C00912C81 /* Base */,
			);
			name = LaunchScreen.storyboard;
			sourceTree = "<group>";
		};
/* End PBXVariantGroup section */

/* Begin XCBuildConfiguration section */
		6265219E1DBCF91C00912C81 /* Debug */ = {
			isa = XCBuildConfiguration;
			buildSettings = {
				ALWAYS_SEARCH_USER_PATHS = NO;
				CLANG_ANALYZER_NONNULL = YES;
				CLANG_CXX_LANGUAGE_STANDARD = "gnu++0x";
				CLANG_CXX_LIBRARY = "libc++";
				CLANG_ENABLE_MODULES = YES;
				CLANG_ENABLE_OBJC_ARC = YES;
				CLANG_WARN_BOOL_CONVERSION = YES;
				CLANG_WARN_CONSTANT_CONVERSION = YES;
				CLANG_WARN_DIRECT_OBJC_ISA_USAGE = YES_ERROR;
				CLANG_WARN_DOCUMENTATION_COMMENTS = YES;
				CLANG_WARN_EMPTY_BODY = YES;
				CLANG_WARN_ENUM_CONVERSION = YES;
				CLANG_WARN_INFINITE_RECURSION = YES;
				CLANG_WARN_INT_CONVERSION = YES;
				CLANG_WARN_OBJC_ROOT_CLASS = YES_ERROR;
				CLANG_WARN_SUSPICIOUS_MOVE = YES;
				CLANG_WARN_SUSPICIOUS_MOVES = YES;
				CLANG_WARN_UNREACHABLE_CODE = YES;
				CLANG_WARN__DUPLICATE_METHOD_MATCH = YES;
				"CODE_SIGN_IDENTITY[sdk=iphoneos*]" = "iPhone Developer";
				COPY_PHASE_STRIP = NO;
				DEBUG_INFORMATION_FORMAT = dwarf;
				ENABLE_STRICT_OBJC_MSGSEND = YES;
				ENABLE_TESTABILITY = YES;
				GCC_C_LANGUAGE_STANDARD = gnu99;
				GCC_DYNAMIC_NO_PIC = NO;
				GCC_NO_COMMON_BLOCKS = YES;
				GCC_OPTIMIZATION_LEVEL = 0;
				GCC_PREPROCESSOR_DEFINITIONS = (
					"DEBUG=1",
					"$(inherited)",
				);
				GCC_WARN_64_TO_32_BIT_CONVERSION = YES;
				GCC_WARN_ABOUT_RETURN_TYPE = YES_ERROR;
				GCC_WARN_UNDECLARED_SELECTOR = YES;
				GCC_WARN_UNINITIALIZED_AUTOS = YES_AGGRESSIVE;
				GCC_WARN_UNUSED_FUNCTION = YES;
				GCC_WARN_UNUSED_VARIABLE = YES;
				IPHONEOS_DEPLOYMENT_TARGET = 10.0;
				MTL_ENABLE_DEBUG_INFO = YES;
				ONLY_ACTIVE_ARCH = YES;
				SDKROOT = iphoneos;
				SWIFT_ACTIVE_COMPILATION_CONDITIONS = DEBUG;
				SWIFT_OPTIMIZATION_LEVEL = "-Onone";
				TARGETED_DEVICE_FAMILY = "1,2";
			};
			name = Debug;
		};
		6265219F1DBCF91C00912C81 /* Release */ = {
			isa = XCBuildConfiguration;
			buildSettings = {
				ALWAYS_SEARCH_USER_PATHS = NO;
				CLANG_ANALYZER_NONNULL = YES;
				CLANG_CXX_LANGUAGE_STANDARD = "gnu++0x";
				CLANG_CXX_LIBRARY = "libc++";
				CLANG_ENABLE_MODULES = YES;
				CLANG_ENABLE_OBJC_ARC = YES;
				CLANG_WARN_BOOL_CONVERSION = YES;
				CLANG_WARN_CONSTANT_CONVERSION = YES;
				CLANG_WARN_DIRECT_OBJC_ISA_USAGE = YES_ERROR;
				CLANG_WARN_DOCUMENTATION_COMMENTS = YES;
				CLANG_WARN_EMPTY_BODY = YES;
				CLANG_WARN_ENUM_CONVERSION = YES;
				CLANG_WARN_INFINITE_RECURSION = YES;
				CLANG_WARN_INT_CONVERSION = YES;
				CLANG_WARN_OBJC_ROOT_CLASS = YES_ERROR;
				CLANG_WARN_SUSPICIOUS_MOVE = YES;
				CLANG_WARN_SUSPICIOUS_MOVES = YES;
				CLANG_WARN_UNREACHABLE_CODE = YES;
				CLANG_WARN__DUPLICATE_METHOD_MATCH = YES;
				"CODE_SIGN_IDENTITY[sdk=iphoneos*]" = "iPhone Developer";
				COPY_PHASE_STRIP = NO;
				DEBUG_INFORMATION_FORMAT = "dwarf-with-dsym";
				ENABLE_NS_ASSERTIONS = NO;
				ENABLE_STRICT_OBJC_MSGSEND = YES;
				GCC_C_LANGUAGE_STANDARD = gnu99;
				GCC_NO_COMMON_BLOCKS = YES;
				GCC_WARN_64_TO_32_BIT_CONVERSION = YES;
				GCC_WARN_ABOUT_RETURN_TYPE = YES_ERROR;
				GCC_WARN_UNDECLARED_SELECTOR = YES;
				GCC_WARN_UNINITIALIZED_AUTOS = YES_AGGRESSIVE;
				GCC_WARN_UNUSED_FUNCTION = YES;
				GCC_WARN_UNUSED_VARIABLE = YES;
				IPHONEOS_DEPLOYMENT_TARGET = 10.0;
				MTL_ENABLE_DEBUG_INFO = NO;
				SDKROOT = iphoneos;
				SWIFT_OPTIMIZATION_LEVEL = "-Owholemodule";
				TARGETED_DEVICE_FAMILY = "1,2";
				VALIDATE_PRODUCT = YES;
			};
			name = Release;
		};
		626521A11DBCF91C00912C81 /* Debug */ = {
			isa = XCBuildConfiguration;
			buildSettings = {
				ASSETCATALOG_COMPILER_APPICON_NAME = AppIcon;
				DEVELOPMENT_TEAM = 55R2UA3DBL;
				INFOPLIST_FILE = ImageWithLabel/Info.plist;
				LD_RUNPATH_SEARCH_PATHS = "$(inherited) @executable_path/Frameworks";
				PRODUCT_BUNDLE_IDENTIFIER = com.justdfd.ImageWithLabel;
				PRODUCT_NAME = "$(TARGET_NAME)";
				SWIFT_VERSION = 3.0;
			};
			name = Debug;
		};
		626521A21DBCF91C00912C81 /* Release */ = {
			isa = XCBuildConfiguration;
			buildSettings = {
				ASSETCATALOG_COMPILER_APPICON_NAME = AppIcon;
				DEVELOPMENT_TEAM = 55R2UA3DBL;
				INFOPLIST_FILE = ImageWithLabel/Info.plist;
				LD_RUNPATH_SEARCH_PATHS = "$(inherited) @executable_path/Frameworks";
				PRODUCT_BUNDLE_IDENTIFIER = com.justdfd.ImageWithLabel;
				PRODUCT_NAME = "$(TARGET_NAME)";
				SWIFT_VERSION = 3.0;
			};
			name = Release;
		};
/* End XCBuildConfiguration section */

/* Begin XCConfigurationList section */
		626521891DBCF91C00912C81 /* Build configuration list for PBXProject "ImageWithLabel" */ = {
			isa = XCConfigurationList;
			buildConfigurations = (
				6265219E1DBCF91C00912C81 /* Debug */,
				6265219F1DBCF91C00912C81 /* Release */,
			);
			defaultConfigurationIsVisible = 0;
			defaultConfigurationName = Release;
		};
		626521A01DBCF91C00912C81 /* Build configuration list for PBXNativeTarget "ImageWithLabel" */ = {
			isa = XCConfigurationList;
			buildConfigurations = (
				626521A11DBCF91C00912C81 /* Debug */,
				626521A21DBCF91C00912C81 /* Release */,
			);
			defaultConfigurationIsVisible = 0;
			defaultConfigurationName = Release;
		};
/* End XCConfigurationList section */
	};
	rootObject = 626521861DBCF91C00912C81 /* Project object */;
}
